
Microsoft Visual Studio Solution File, Format Version 10.00
# Visual C++ Express 2008
Project("{8BC9CEB8-8B4A-11D0-8D11-00A0C91BC942}") = "rssgp", "rssgp\rssgp.vcproj", "{C15400F3-7F8A-4EEF-AA0D-124FAA452DF1}"
EndProject
Global
	GlobalSection(SolutionConfigurationPlatforms) = preSolution
		Debug|Win32 = Debug|Win32
		Release|Win32 = Release|Win32
	EndGlobalSection
	GlobalSection(ProjectConfigurationPlatforms) = postSolution
		{C15400F3-7F8A-4EEF-AA0D-124FAA452DF1}.Debug|Win32.ActiveCfg = Debug|Win32
		{C15400F3-7F8A-4EEF-AA0D-124FAA452DF1}.Debug|Win32.Build.0 = Debug|Win32
		{C15400F3-7F8A-4EEF-AA0D-124FAA452DF1}.Release|Win32.ActiveCfg = Release|Win32
		{C15400F3-7F8A-4EEF-AA0D-124FAA452DF1}.Release|Win32.Build.0 = Release|Win32
	EndGlobalSection
	GlobalSection(SolutionProperties) = preSolution
		HideSolutionNode = FALSE
	EndGlobalSection
EndGlobal
